
Microsoft Visual Studio Solution File, Format Version 12.00
# Visual Studio Version 16
VisualStudioVersion = 16.0.32413.511
MinimumVisualStudioVersion = 10.0.40219.1
Project("{FAE04EC0-301F-11D3-BF4B-00C04F79EFBC}") = "ProjektP4", "ProjektP4\ProjektP4.csproj", "{CF693BFC-CEE9-4AD5-AE61-C9EB709544DA}"
EndProject
Global
	GlobalSection(SolutionConfigurationPlatforms) = preSolution
		Debug|Any CPU = Debug|Any CPU
		Release|Any CPU = Release|Any CPU
	EndGlobalSection
	GlobalSection(ProjectConfigurationPlatforms) = postSolution
		{CF693BFC-CEE9-4AD5-AE61-C9EB709544DA}.Debug|Any CPU.ActiveCfg = Debug|Any CPU
		{CF693BFC-CEE9-4AD5-AE61-C9EB709544DA}.Debug|Any CPU.Build.0 = Debug|Any CPU
		{CF693BFC-CEE9-4AD5-AE61-C9EB709544DA}.Release|Any CPU.ActiveCfg = Release|Any CPU
		{CF693BFC-CEE9-4AD5-AE61-C9EB709544DA}.Release|Any CPU.Build.0 = Release|Any CPU
	EndGlobalSection
	GlobalSection(SolutionProperties) = preSolution
		HideSolutionNode = FALSE
	EndGlobalSection
	GlobalSection(ExtensibilityGlobals) = postSolution
		SolutionGuid = {AB4EF4B7-1C35-4213-AA53-2DAADF02814D}
	EndGlobalSection
EndGlobal
